
Microsoft Visual Studio Solution File, Format Version 12.00
# Visual Studio Version 17
VisualStudioVersion = 17.3.32825.248
MinimumVisualStudioVersion = 10.0.40219.1
Project("{FAE04EC0-301F-11D3-BF4B-00C04F79EFBC}") = "Car_Game", "Car_Game\Car_Game.csproj", "{3F1115CF-18C4-419D-AE14-82BB1BA602E6}"
EndProject
Global
	GlobalSection(SolutionConfigurationPlatforms) = preSolution
		Debug|Any CPU = Debug|Any CPU
		Release|Any CPU = Release|Any CPU
	EndGlobalSection
	GlobalSection(ProjectConfigurationPlatforms) = postSolution
		{3F1115CF-18C4-419D-AE14-82BB1BA602E6}.Debug|Any CPU.ActiveCfg = Debug|Any CPU
		{3F1115CF-18C4-419D-AE14-82BB1BA602E6}.Debug|Any CPU.Build.0 = Debug|Any CPU
		{3F1115CF-18C4-419D-AE14-82BB1BA602E6}.Release|Any CPU.ActiveCfg = Release|Any CPU
		{3F1115CF-18C4-419D-AE14-82BB1BA602E6}.Release|Any CPU.Build.0 = Release|Any CPU
	EndGlobalSection
	GlobalSection(SolutionProperties) = preSolution
		HideSolutionNode = FALSE
	EndGlobalSection
	GlobalSection(ExtensibilityGlobals) = postSolution
		SolutionGuid = {30E9B3AC-7647-487B-941B-B50020DA4B97}
	EndGlobalSection
EndGlobal
